
Microsoft Visual Studio Solution File, Format Version 12.00
# Visual Studio Version 17
VisualStudioVersion = 17.0.31903.59
MinimumVisualStudioVersion = 10.0.40219.1
Project("{2150E333-8FDC-42A3-9474-1A3956D46DE8}") = "src", "src", "{827E0CD3-B72D-47B6-A68D-7590B98EB39B}"
EndProject
Project("{2150E333-8FDC-42A3-9474-1A3956D46DE8}") = "BuildingBlocks", "BuildingBlocks", "{90298CBA-BD6F-3A0A-69D5-97CAD7B05E7E}"
EndProject
Project("{FAE04EC0-301F-11D3-BF4B-00C04F79EFBC}") = "BuildingBlocks.Domain", "src\BuildingBlocks\BuildingBlocks.Domain\BuildingBlocks.Domain.csproj", "{D25E45CB-8BAD-49A5-9114-1B8343C6AC58}"
EndProject
Project("{FAE04EC0-301F-11D3-BF4B-00C04F79EFBC}") = "BuildingBlocks.Application", "src\BuildingBlocks\BuildingBlocks.Application\BuildingBlocks.Application.csproj", "{D28AB52A-4892-4FF2-8051-2519A4D3CA9C}"
EndProject
Project("{FAE04EC0-301F-11D3-BF4B-00C04F79EFBC}") = "BuildingBlocks.Infrastructure", "src\BuildingBlocks\BuildingBlocks.Infrastructure\BuildingBlocks.Infrastructure.csproj", "{A37E46A2-91E2-456E-8EA5-47B89818DFF5}"
EndProject
Project("{FAE04EC0-301F-11D3-BF4B-00C04F79EFBC}") = "BuildingBlocks.Contracts", "src\BuildingBlocks\BuildingBlocks.Contracts\BuildingBlocks.Contracts.csproj", "{CDD4EA67-DCBB-4B97-9E8F-766F6AE47ACD}"
EndProject
Project("{2150E333-8FDC-42A3-9474-1A3956D46DE8}") = "GameEngine", "GameEngine", "{51849103-47EA-AC85-5A65-1F740091B702}"
EndProject
Project("{FAE04EC0-301F-11D3-BF4B-00C04F79EFBC}") = "GameEngine.Core", "src\GameEngine\GameEngine.Core\GameEngine.Core.csproj", "{4B5A0495-C9CA-45D4-94BB-33CCE2899B43}"
EndProject
Project("{2150E333-8FDC-42A3-9474-1A3956D46DE8}") = "Games", "Games", "{DECBC69F-7677-92AA-EAA3-417BB129F329}"
EndProject
Project("{FAE04EC0-301F-11D3-BF4B-00C04F79EFBC}") = "UNO", "src\Games\UNO\UNO.csproj", "{6BDA8E8E-C77F-4529-816C-609D9F124D40}"
EndProject
Project("{2150E333-8FDC-42A3-9474-1A3956D46DE8}") = "Gateway", "Gateway", "{6306A8FB-679E-111F-6585-8F70E0EE6013}"
EndProject
Project("{FAE04EC0-301F-11D3-BF4B-00C04F79EFBC}") = "Gateway", "src\Gateway\Gateway\Gateway.csproj", "{4D46A829-B61E-4838-997A-16AEF5C9E514}"
EndProject
Project("{2150E333-8FDC-42A3-9474-1A3956D46DE8}") = "Services", "Services", "{984BB9B3-3FA3-BE33-9484-CAC21695A33C}"
EndProject
Project("{2150E333-8FDC-42A3-9474-1A3956D46DE8}") = "Identity", "Identity", "{1BFC9479-12BF-35C3-06B8-42D89D95092B}"
EndProject
Project("{FAE04EC0-301F-11D3-BF4B-00C04F79EFBC}") = "Identity.Api", "src\Services\Identity\Identity.Api\Identity.Api.csproj", "{E3CD948E-7A64-4B06-B4F1-624E2FFF3F01}"
EndProject
Project("{FAE04EC0-301F-11D3-BF4B-00C04F79EFBC}") = "Identity.Infrastructure", "src\Services\Identity\Identity.Infrastructure\Identity.Infrastructure.csproj", "{A3E4D795-95A1-41E1-8EB5-CBE96CA5B596}"
EndProject
Project("{FAE04EC0-301F-11D3-BF4B-00C04F79EFBC}") = "Identity.Application", "src\Services\Identity\Identity.Application\Identity.Application.csproj", "{47005F9F-0034-4403-8F5D-E41ADEB22E6E}"
EndProject
Project("{FAE04EC0-301F-11D3-BF4B-00C04F79EFBC}") = "Identity.Domain", "src\Services\Identity\Identity.Domain\Identity.Domain.csproj", "{040C7671-3839-450D-A4DC-139B50516F93}"
EndProject
Project("{2150E333-8FDC-42A3-9474-1A3956D46DE8}") = "Lobby", "Lobby", "{38CD7053-B83B-0737-9375-52EE0A3C8AE0}"
EndProject
Project("{FAE04EC0-301F-11D3-BF4B-00C04F79EFBC}") = "Lobby.Api", "src\Services\Lobby\Lobby.Api\Lobby.Api.csproj", "{8CEEB2CA-0427-4B36-95CF-7124A9F59333}"
EndProject
Project("{FAE04EC0-301F-11D3-BF4B-00C04F79EFBC}") = "Lobby.Infrastructure", "src\Services\Lobby\Lobby.Infrastructure\Lobby.Infrastructure.csproj", "{E58D456E-EF5E-4082-B80F-0C11DBB9C53F}"
EndProject
Project("{FAE04EC0-301F-11D3-BF4B-00C04F79EFBC}") = "Lobby.Application", "src\Services\Lobby\Lobby.Application\Lobby.Application.csproj", "{62BA916B-05C2-4A91-BD44-D1A1CF7F6CBE}"
EndProject
Project("{FAE04EC0-301F-11D3-BF4B-00C04F79EFBC}") = "Lobby.Domain", "src\Services\Lobby\Lobby.Domain\Lobby.Domain.csproj", "{2A246CF4-6749-4267-8F69-998462B20315}"
EndProject
Project("{2150E333-8FDC-42A3-9474-1A3956D46DE8}") = "Game", "Game", "{384C1DF4-5D33-0DEC-26FD-53B3DFBA00A9}"
EndProject
Project("{FAE04EC0-301F-11D3-BF4B-00C04F79EFBC}") = "Game.Api", "src\Services\Game\Game.Api\Game.Api.csproj", "{2A2F9330-C60D-47C4-A98C-118259413ECA}"
EndProject
Project("{FAE04EC0-301F-11D3-BF4B-00C04F79EFBC}") = "Game.Infrastructure", "src\Services\Game\Game.Infrastructure\Game.Infrastructure.csproj", "{521F1B72-B1DC-4CAF-A543-992836CFFA09}"
EndProject
Project("{FAE04EC0-301F-11D3-BF4B-00C04F79EFBC}") = "Game.Application", "src\Services\Game\Game.Application\Game.Application.csproj", "{649FC97B-AD5F-44D7-AAA3-C6946841946D}"
EndProject
Project("{FAE04EC0-301F-11D3-BF4B-00C04F79EFBC}") = "Game.Domain", "src\Services\Game\Game.Domain\Game.Domain.csproj", "{B8DF62FD-9D5E-48A9-A6FB-D34850B5AE41}"
EndProject
Project("{FAE04EC0-301F-11D3-BF4B-00C04F79EFBC}") = "Silver", "src\Games\Silver\Silver.csproj", "{4B433C85-72D9-4E56-AABA-E8213A4EC66C}"
EndProject
Project("{FAE04EC0-301F-11D3-BF4B-00C04F79EFBC}") = "Silver.Harness", "..\tests\Silver.Harness\Silver.Harness.csproj", "{F62F8731-0414-4ADB-AA4B-441C311B105B}"
EndProject
Global
	GlobalSection(SolutionConfigurationPlatforms) = preSolution
		Debug|Any CPU = Debug|Any CPU
		Debug|x64 = Debug|x64
		Debug|x86 = Debug|x86
		Release|Any CPU = Release|Any CPU
		Release|x64 = Release|x64
		Release|x86 = Release|x86
	EndGlobalSection
	GlobalSection(ProjectConfigurationPlatforms) = postSolution
		{D25E45CB-8BAD-49A5-9114-1B8343C6AC58}.Debug|Any CPU.ActiveCfg = Debug|Any CPU
		{D25E45CB-8BAD-49A5-9114-1B8343C6AC58}.Debug|Any CPU.Build.0 = Debug|Any CPU
		{D25E45CB-8BAD-49A5-9114-1B8343C6AC58}.Debug|x64.ActiveCfg = Debug|Any CPU
		{D25E45CB-8BAD-49A5-9114-1B8343C6AC58}.Debug|x64.Build.0 = Debug|Any CPU
		{D25E45CB-8BAD-49A5-9114-1B8343C6AC58}.Debug|x86.ActiveCfg = Debug|Any CPU
		{D25E45CB-8BAD-49A5-9114-1B8343C6AC58}.Debug|x86.Build.0 = Debug|Any CPU
		{D25E45CB-8BAD-49A5-9114-1B8343C6AC58}.Release|Any CPU.ActiveCfg = Release|Any CPU
		{D25E45CB-8BAD-49A5-9114-1B8343C6AC58}.Release|Any CPU.Build.0 = Release|Any CPU
		{D25E45CB-8BAD-49A5-9114-1B8343C6AC58}.Release|x64.ActiveCfg = Release|Any CPU
		{D25E45CB-8BAD-49A5-9114-1B8343C6AC58}.Release|x64.Build.0 = Release|Any CPU
		{D25E45CB-8BAD-49A5-9114-1B8343C6AC58}.Release|x86.ActiveCfg = Release|Any CPU
		{D25E45CB-8BAD-49A5-9114-1B8343C6AC58}.Release|x86.Build.0 = Release|Any CPU
		{D28AB52A-4892-4FF2-8051-2519A4D3CA9C}.Debug|Any CPU.ActiveCfg = Debug|Any CPU
		{D28AB52A-4892-4FF2-8051-2519A4D3CA9C}.Debug|Any CPU.Build.0 = Debug|Any CPU
		{D28AB52A-4892-4FF2-8051-2519A4D3CA9C}.Debug|x64.ActiveCfg = Debug|Any CPU
		{D28AB52A-4892-4FF2-8051-2519A4D3CA9C}.Debug|x64.Build.0 = Debug|Any CPU
		{D28AB52A-4892-4FF2-8051-2519A4D3CA9C}.Debug|x86.ActiveCfg = Debug|Any CPU
		{D28AB52A-4892-4FF2-8051-2519A4D3CA9C}.Debug|x86.Build.0 = Debug|Any CPU
		{D28AB52A-4892-4FF2-8051-2519A4D3CA9C}.Release|Any CPU.ActiveCfg = Release|Any CPU
		{D28AB52A-4892-4FF2-8051-2519A4D3CA9C}.Release|Any CPU.Build.0 = Release|Any CPU
		{D28AB52A-4892-4FF2-8051-2519A4D3CA9C}.Release|x64.ActiveCfg = Release|Any CPU
		{D28AB52A-4892-4FF2-8051-2519A4D3CA9C}.Release|x64.Build.0 = Release|Any CPU
		{D28AB52A-4892-4FF2-8051-2519A4D3CA9C}.Release|x86.ActiveCfg = Release|Any CPU
		{D28AB52A-4892-4FF2-8051-2519A4D3CA9C}.Release|x86.Build.0 = Release|Any CPU
		{A37E46A2-91E2-456E-8EA5-47B89818DFF5}.Debug|Any CPU.ActiveCfg = Debug|Any CPU
		{A37E46A2-91E2-456E-8EA5-47B89818DFF5}.Debug|Any CPU.Build.0 = Debug|Any CPU
		{A37E46A2-91E2-456E-8EA5-47B89818DFF5}.Debug|x64.ActiveCfg = Debug|Any CPU
		{A37E46A2-91E2-456E-8EA5-47B89818DFF5}.Debug|x64.Build.0 = Debug|Any CPU
		{A37E46A2-91E2-456E-8EA5-47B89818DFF5}.Debug|x86.ActiveCfg = Debug|Any CPU
		{A37E46A2-91E2-456E-8EA5-47B89818DFF5}.Debug|x86.Build.0 = Debug|Any CPU
		{A37E46A2-91E2-456E-8EA5-47B89818DFF5}.Release|Any CPU.ActiveCfg = Release|Any CPU
		{A37E46A2-91E2-456E-8EA5-47B89818DFF5}.Release|Any CPU.Build.0 = Release|Any CPU
		{A37E46A2-91E2-456E-8EA5-47B89818DFF5}.Release|x64.ActiveCfg = Release|Any CPU
		{A37E46A2-91E2-456E-8EA5-47B89818DFF5}.Release|x64.Build.0 = Release|Any CPU
		{A37E46A2-91E2-456E-8EA5-47B89818DFF5}.Release|x86.ActiveCfg = Release|Any CPU
		{A37E46A2-91E2-456E-8EA5-47B89818DFF5}.Release|x86.Build.0 = Release|Any CPU
		{CDD4EA67-DCBB-4B97-9E8F-766F6AE47ACD}.Debug|Any CPU.ActiveCfg = Debug|Any CPU
		{CDD4EA67-DCBB-4B97-9E8F-766F6AE47ACD}.Debug|Any CPU.Build.0 = Debug|Any CPU
		{CDD4EA67-DCBB-4B97-9E8F-766F6AE47ACD}.Debug|x64.ActiveCfg = Debug|Any CPU
		{CDD4EA67-DCBB-4B97-9E8F-766F6AE47ACD}.Debug|x64.Build.0 = Debug|Any CPU
		{CDD4EA67-DCBB-4B97-9E8F-766F6AE47ACD}.Debug|x86.ActiveCfg = Debug|Any CPU
		{CDD4EA67-DCBB-4B97-9E8F-766F6AE47ACD}.Debug|x86.Build.0 = Debug|Any CPU
		{CDD4EA67-DCBB-4B97-9E8F-766F6AE47ACD}.Release|Any CPU.ActiveCfg = Release|Any CPU
		{CDD4EA67-DCBB-4B97-9E8F-766F6AE47ACD}.Release|Any CPU.Build.0 = Release|Any CPU
		{CDD4EA67-DCBB-4B97-9E8F-766F6AE47ACD}.Release|x64.ActiveCfg = Release|Any CPU
		{CDD4EA67-DCBB-4B97-9E8F-766F6AE47ACD}.Release|x64.Build.0 = Release|Any CPU
		{CDD4EA67-DCBB-4B97-9E8F-766F6AE47ACD}.Release|x86.ActiveCfg = Release|Any CPU
		{CDD4EA67-DCBB-4B97-9E8F-766F6AE47ACD}.Release|x86.Build.0 = Release|Any CPU
		{4B5A0495-C9CA-45D4-94BB-33CCE2899B43}.Debug|Any CPU.ActiveCfg = Debug|Any CPU
		{4B5A0495-C9CA-45D4-94BB-33CCE2899B43}.Debug|Any CPU.Build.0 = Debug|Any CPU
		{4B5A0495-C9CA-45D4-94BB-33CCE2899B43}.Debug|x64.ActiveCfg = Debug|Any CPU
		{4B5A0495-C9CA-45D4-94BB-33CCE2899B43}.Debug|x64.Build.0 = Debug|Any CPU
		{4B5A0495-C9CA-45D4-94BB-33CCE2899B43}.Debug|x86.ActiveCfg = Debug|Any CPU
		{4B5A0495-C9CA-45D4-94BB-33CCE2899B43}.Debug|x86.Build.0 = Debug|Any CPU
		{4B5A0495-C9CA-45D4-94BB-33CCE2899B43}.Release|Any CPU.ActiveCfg = Release|Any CPU
		{4B5A0495-C9CA-45D4-94BB-33CCE2899B43}.Release|Any CPU.Build.0 = Release|Any CPU
		{4B5A0495-C9CA-45D4-94BB-33CCE2899B43}.Release|x64.ActiveCfg = Release|Any CPU
		{4B5A0495-C9CA-45D4-94BB-33CCE2899B43}.Release|x64.Build.0 = Release|Any CPU
		{4B5A0495-C9CA-45D4-94BB-33CCE2899B43}.Release|x86.ActiveCfg = Release|Any CPU
		{4B5A0495-C9CA-45D4-94BB-33CCE2899B43}.Release|x86.Build.0 = Release|Any CPU
		{6BDA8E8E-C77F-4529-816C-609D9F124D40}.Debug|Any CPU.ActiveCfg = Debug|Any CPU
		{6BDA8E8E-C77F-4529-816C-609D9F124D40}.Debug|Any CPU.Build.0 = Debug|Any CPU
		{6BDA8E8E-C77F-4529-816C-609D9F124D40}.Debug|x64.ActiveCfg = Debug|Any CPU
		{6BDA8E8E-C77F-4529-816C-609D9F124D40}.Debug|x64.Build.0 = Debug|Any CPU
		{6BDA8E8E-C77F-4529-816C-609D9F124D40}.Debug|x86.ActiveCfg = Debug|Any CPU
		{6BDA8E8E-C77F-4529-816C-609D9F124D40}.Debug|x86.Build.0 = Debug|Any CPU
		{6BDA8E8E-C77F-4529-816C-609D9F124D40}.Release|Any CPU.ActiveCfg = Release|Any CPU
		{6BDA8E8E-C77F-4529-816C-609D9F124D40}.Release|Any CPU.Build.0 = Release|Any CPU
		{6BDA8E8E-C77F-4529-816C-609D9F124D40}.Release|x64.ActiveCfg = Release|Any CPU
		{6BDA8E8E-C77F-4529-816C-609D9F124D40}.Release|x64.Build.0 = Release|Any CPU
		{6BDA8E8E-C77F-4529-816C-609D9F124D40}.Release|x86.ActiveCfg = Release|Any CPU
		{6BDA8E8E-C77F-4529-816C-609D9F124D40}.Release|x86.Build.0 = Release|Any CPU
		{4D46A829-B61E-4838-997A-16AEF5C9E514}.Debug|Any CPU.ActiveCfg = Debug|Any CPU
		{4D46A829-B61E-4838-997A-16AEF5C9E514}.Debug|Any CPU.Build.0 = Debug|Any CPU
		{4D46A829-B61E-4838-997A-16AEF5C9E514}.Debug|x64.ActiveCfg = Debug|Any CPU
		{4D46A829-B61E-4838-997A-16AEF5C9E514}.Debug|x64.Build.0 = Debug|Any CPU
		{4D46A829-B61E-4838-997A-16AEF5C9E514}.Debug|x86.ActiveCfg = Debug|Any CPU
		{4D46A829-B61E-4838-997A-16AEF5C9E514}.Debug|x86.Build.0 = Debug|Any CPU
		{4D46A829-B61E-4838-997A-16AEF5C9E514}.Release|Any CPU.ActiveCfg = Release|Any CPU
		{4D46A829-B61E-4838-997A-16AEF5C9E514}.Release|Any CPU.Build.0 = Release|Any CPU
		{4D46A829-B61E-4838-997A-16AEF5C9E514}.Release|x64.ActiveCfg = Release|Any CPU
		{4D46A829-B61E-4838-997A-16AEF5C9E514}.Release|x64.Build.0 = Release|Any CPU
		{4D46A829-B61E-4838-997A-16AEF5C9E514}.Release|x86.ActiveCfg = Release|Any CPU
		{4D46A829-B61E-4838-997A-16AEF5C9E514}.Release|x86.Build.0 = Release|Any CPU
		{E3CD948E-7A64-4B06-B4F1-624E2FFF3F01}.Debug|Any CPU.ActiveCfg = Debug|Any CPU
		{E3CD948E-7A64-4B06-B4F1-624E2FFF3F01}.Debug|Any CPU.Build.0 = Debug|Any CPU
		{E3CD948E-7A64-4B06-B4F1-624E2FFF3F01}.Debug|x64.ActiveCfg = Debug|Any CPU
		{E3CD948E-7A64-4B06-B4F1-624E2FFF3F01}.Debug|x64.Build.0 = Debug|Any CPU
		{E3CD948E-7A64-4B06-B4F1-624E2FFF3F01}.Debug|x86.ActiveCfg = Debug|Any CPU
		{E3CD948E-7A64-4B06-B4F1-624E2FFF3F01}.Debug|x86.Build.0 = Debug|Any CPU
		{E3CD948E-7A64-4B06-B4F1-624E2FFF3F01}.Release|Any CPU.ActiveCfg = Release|Any CPU
		{E3CD948E-7A64-4B06-B4F1-624E2FFF3F01}.Release|Any CPU.Build.0 = Release|Any CPU
		{E3CD948E-7A64-4B06-B4F1-624E2FFF3F01}.Release|x64.ActiveCfg = Release|Any CPU
		{E3CD948E-7A64-4B06-B4F1-624E2FFF3F01}.Release|x64.Build.0 = Release|Any CPU
		{E3CD948E-7A64-4B06-B4F1-624E2FFF3F01}.Release|x86.ActiveCfg = Release|Any CPU
		{E3CD948E-7A64-4B06-B4F1-624E2FFF3F01}.Release|x86.Build.0 = Release|Any CPU
		{A3E4D795-95A1-41E1-8EB5-CBE96CA5B596}.Debug|Any CPU.ActiveCfg = Debug|Any CPU
		{A3E4D795-95A1-41E1-8EB5-CBE96CA5B596}.Debug|Any CPU.Build.0 = Debug|Any CPU
		{A3E4D795-95A1-41E1-8EB5-CBE96CA5B596}.Debug|x64.ActiveCfg = Debug|Any CPU
		{A3E4D795-95A1-41E1-8EB5-CBE96CA5B596}.Debug|x64.Build.0 = Debug|Any CPU
		{A3E4D795-95A1-41E1-8EB5-CBE96CA5B596}.Debug|x86.ActiveCfg = Debug|Any CPU
		{A3E4D795-95A1-41E1-8EB5-CBE96CA5B596}.Debug|x86.Build.0 = Debug|Any CPU
		{A3E4D795-95A1-41E1-8EB5-CBE96CA5B596}.Release|Any CPU.ActiveCfg = Release|Any CPU
		{A3E4D795-95A1-41E1-8EB5-CBE96CA5B596}.Release|Any CPU.Build.0 = Release|Any CPU
		{A3E4D795-95A1-41E1-8EB5-CBE96CA5B596}.Release|x64.ActiveCfg = Release|Any CPU
		{A3E4D795-95A1-41E1-8EB5-CBE96CA5B596}.Release|x64.Build.0 = Release|Any CPU
		{A3E4D795-95A1-41E1-8EB5-CBE96CA5B596}.Release|x86.ActiveCfg = Release|Any CPU
		{A3E4D795-95A1-41E1-8EB5-CBE96CA5B596}.Release|x86.Build.0 = Release|Any CPU
		{47005F9F-0034-4403-8F5D-E41ADEB22E6E}.Debug|Any CPU.ActiveCfg = Debug|Any CPU
		{47005F9F-0034-4403-8F5D-E41ADEB22E6E}.Debug|Any CPU.Build.0 = Debug|Any CPU
		{47005F9F-0034-4403-8F5D-E41ADEB22E6E}.Debug|x64.ActiveCfg = Debug|Any CPU
		{47005F9F-0034-4403-8F5D-E41ADEB22E6E}.Debug|x64.Build.0 = Debug|Any CPU
		{47005F9F-0034-4403-8F5D-E41ADEB22E6E}.Debug|x86.ActiveCfg = Debug|Any CPU
		{47005F9F-0034-4403-8F5D-E41ADEB22E6E}.Debug|x86.Build.0 = Debug|Any CPU
		{47005F9F-0034-4403-8F5D-E41ADEB22E6E}.Release|Any CPU.ActiveCfg = Release|Any CPU
		{47005F9F-0034-4403-8F5D-E41ADEB22E6E}.Release|Any CPU.Build.0 = Release|Any CPU
		{47005F9F-0034-4403-8F5D-E41ADEB22E6E}.Release|x64.ActiveCfg = Release|Any CPU
		{47005F9F-0034-4403-8F5D-E41ADEB22E6E}.Release|x64.Build.0 = Release|Any CPU
		{47005F9F-0034-4403-8F5D-E41ADEB22E6E}.Release|x86.ActiveCfg = Release|Any CPU
		{47005F9F-0034-4403-8F5D-E41ADEB22E6E}.Release|x86.Build.0 = Release|Any CPU
		{040C7671-3839-450D-A4DC-139B50516F93}.Debug|Any CPU.ActiveCfg = Debug|Any CPU
		{040C7671-3839-450D-A4DC-139B50516F93}.Debug|Any CPU.Build.0 = Debug|Any CPU
		{040C7671-3839-450D-A4DC-139B50516F93}.Debug|x64.ActiveCfg = Debug|Any CPU
		{040C7671-3839-450D-A4DC-139B50516F93}.Debug|x64.Build.0 = Debug|Any CPU
		{040C7671-3839-450D-A4DC-139B50516F93}.Debug|x86.ActiveCfg = Debug|Any CPU
		{040C7671-3839-450D-A4DC-139B50516F93}.Debug|x86.Build.0 = Debug|Any CPU
		{040C7671-3839-450D-A4DC-139B50516F93}.Release|Any CPU.ActiveCfg = Release|Any CPU
		{040C7671-3839-450D-A4DC-139B50516F93}.Release|Any CPU.Build.0 = Release|Any CPU
		{040C7671-3839-450D-A4DC-139B50516F93}.Release|x64.ActiveCfg = Release|Any CPU
		{040C7671-3839-450D-A4DC-139B50516F93}.Release|x64.Build.0 = Release|Any CPU
		{040C7671-3839-450D-A4DC-139B50516F93}.Release|x86.ActiveCfg = Release|Any CPU
		{040C7671-3839-450D-A4DC-139B50516F93}.Release|x86.Build.0 = Release|Any CPU
		{8CEEB2CA-0427-4B36-95CF-7124A9F59333}.Debug|Any CPU.ActiveCfg = Debug|Any CPU
		{8CEEB2CA-0427-4B36-95CF-7124A9F59333}.Debug|Any CPU.Build.0 = Debug|Any CPU
		{8CEEB2CA-0427-4B36-95CF-7124A9F59333}.Debug|x64.ActiveCfg = Debug|Any CPU
		{8CEEB2CA-0427-4B36-95CF-7124A9F59333}.Debug|x64.Build.0 = Debug|Any CPU
		{8CEEB2CA-0427-4B36-95CF-7124A9F59333}.Debug|x86.ActiveCfg = Debug|Any CPU
		{8CEEB2CA-0427-4B36-95CF-7124A9F59333}.Debug|x86.Build.0 = Debug|Any CPU
		{8CEEB2CA-0427-4B36-95CF-7124A9F59333}.Release|Any CPU.ActiveCfg = Release|Any CPU
		{8CEEB2CA-0427-4B36-95CF-7124A9F59333}.Release|Any CPU.Build.0 = Release|Any CPU
		{8CEEB2CA-0427-4B36-95CF-7124A9F59333}.Release|x64.ActiveCfg = Release|Any CPU
		{8CEEB2CA-0427-4B36-95CF-7124A9F59333}.Release|x64.Build.0 = Release|Any CPU
		{8CEEB2CA-0427-4B36-95CF-7124A9F59333}.Release|x86.ActiveCfg = Release|Any CPU
		{8CEEB2CA-0427-4B36-95CF-7124A9F59333}.Release|x86.Build.0 = Release|Any CPU
		{E58D456E-EF5E-4082-B80F-0C11DBB9C53F}.Debug|Any CPU.ActiveCfg = Debug|Any CPU
		{E58D456E-EF5E-4082-B80F-0C11DBB9C53F}.Debug|Any CPU.Build.0 = Debug|Any CPU
		{E58D456E-EF5E-4082-B80F-0C11DBB9C53F}.Debug|x64.ActiveCfg = Debug|Any CPU
		{E58D456E-EF5E-4082-B80F-0C11DBB9C53F}.Debug|x64.Build.0 = Debug|Any CPU
		{E58D456E-EF5E-4082-B80F-0C11DBB9C53F}.Debug|x86.ActiveCfg = Debug|Any CPU
		{E58D456E-EF5E-4082-B80F-0C11DBB9C53F}.Debug|x86.Build.0 = Debug|Any CPU
		{E58D456E-EF5E-4082-B80F-0C11DBB9C53F}.Release|Any CPU.ActiveCfg = Release|Any CPU
		{E58D456E-EF5E-4082-B80F-0C11DBB9C53F}.Release|Any CPU.Build.0 = Release|Any CPU
		{E58D456E-EF5E-4082-B80F-0C11DBB9C53F}.Release|x64.ActiveCfg = Release|Any CPU
		{E58D456E-EF5E-4082-B80F-0C11DBB9C53F}.Release|x64.Build.0 = Release|Any CPU
		{E58D456E-EF5E-4082-B80F-0C11DBB9C53F}.Release|x86.ActiveCfg = Release|Any CPU
		{E58D456E-EF5E-4082-B80F-0C11DBB9C53F}.Release|x86.Build.0 = Release|Any CPU
		{62BA916B-05C2-4A91-BD44-D1A1CF7F6CBE}.Debug|Any CPU.ActiveCfg = Debug|Any CPU
		{62BA916B-05C2-4A91-BD44-D1A1CF7F6CBE}.Debug|Any CPU.Build.0 = Debug|Any CPU
		{62BA916B-05C2-4A91-BD44-D1A1CF7F6CBE}.Debug|x64.ActiveCfg = Debug|Any CPU
		{62BA916B-05C2-4A91-BD44-D1A1CF7F6CBE}.Debug|x64.Build.0 = Debug|Any CPU
		{62BA916B-05C2-4A91-BD44-D1A1CF7F6CBE}.Debug|x86.ActiveCfg = Debug|Any CPU
		{62BA916B-05C2-4A91-BD44-D1A1CF7F6CBE}.Debug|x86.Build.0 = Debug|Any CPU
		{62BA916B-05C2-4A91-BD44-D1A1CF7F6CBE}.Release|Any CPU.ActiveCfg = Release|Any CPU
		{62BA916B-05C2-4A91-BD44-D1A1CF7F6CBE}.Release|Any CPU.Build.0 = Release|Any CPU
		{62BA916B-05C2-4A91-BD44-D1A1CF7F6CBE}.Release|x64.ActiveCfg = Release|Any CPU
		{62BA916B-05C2-4A91-BD44-D1A1CF7F6CBE}.Release|x64.Build.0 = Release|Any CPU
		{62BA916B-05C2-4A91-BD44-D1A1CF7F6CBE}.Release|x86.ActiveCfg = Release|Any CPU
		{62BA916B-05C2-4A91-BD44-D1A1CF7F6CBE}.Release|x86.Build.0 = Release|Any CPU
		{2A246CF4-6749-4267-8F69-998462B20315}.Debug|Any CPU.ActiveCfg = Debug|Any CPU
		{2A246CF4-6749-4267-8F69-998462B20315}.Debug|Any CPU.Build.0 = Debug|Any CPU
		{2A246CF4-6749-4267-8F69-998462B20315}.Debug|x64.ActiveCfg = Debug|Any CPU
		{2A246CF4-6749-4267-8F69-998462B20315}.Debug|x64.Build.0 = Debug|Any CPU
		{2A246CF4-6749-4267-8F69-998462B20315}.Debug|x86.ActiveCfg = Debug|Any CPU
		{2A246CF4-6749-4267-8F69-998462B20315}.Debug|x86.Build.0 = Debug|Any CPU
		{2A246CF4-6749-4267-8F69-998462B20315}.Release|Any CPU.ActiveCfg = Release|Any CPU
		{2A246CF4-6749-4267-8F69-998462B20315}.Release|Any CPU.Build.0 = Release|Any CPU
		{2A246CF4-6749-4267-8F69-998462B20315}.Release|x64.ActiveCfg = Release|Any CPU
		{2A246CF4-6749-4267-8F69-998462B20315}.Release|x64.Build.0 = Release|Any CPU
		{2A246CF4-6749-4267-8F69-998462B20315}.Release|x86.ActiveCfg = Release|Any CPU
		{2A246CF4-6749-4267-8F69-998462B20315}.Release|x86.Build.0 = Release|Any CPU
		{2A2F9330-C60D-47C4-A98C-118259413ECA}.Debug|Any CPU.ActiveCfg = Debug|Any CPU
		{2A2F9330-C60D-47C4-A98C-118259413ECA}.Debug|Any CPU.Build.0 = Debug|Any CPU
		{2A2F9330-C60D-47C4-A98C-118259413ECA}.Debug|x64.ActiveCfg = Debug|Any CPU
		{2A2F9330-C60D-47C4-A98C-118259413ECA}.Debug|x64.Build.0 = Debug|Any CPU
		{2A2F9330-C60D-47C4-A98C-118259413ECA}.Debug|x86.ActiveCfg = Debug|Any CPU
		{2A2F9330-C60D-47C4-A98C-118259413ECA}.Debug|x86.Build.0 = Debug|Any CPU
		{2A2F9330-C60D-47C4-A98C-118259413ECA}.Release|Any CPU.ActiveCfg = Release|Any CPU
		{2A2F9330-C60D-47C4-A98C-118259413ECA}.Release|Any CPU.Build.0 = Release|Any CPU
		{2A2F9330-C60D-47C4-A98C-118259413ECA}.Release|x64.ActiveCfg = Release|Any CPU
		{2A2F9330-C60D-47C4-A98C-118259413ECA}.Release|x64.Build.0 = Release|Any CPU
		{2A2F9330-C60D-47C4-A98C-118259413ECA}.Release|x86.ActiveCfg = Release|Any CPU
		{2A2F9330-C60D-47C4-A98C-118259413ECA}.Release|x86.Build.0 = Release|Any CPU
		{521F1B72-B1DC-4CAF-A543-992836CFFA09}.Debug|Any CPU.ActiveCfg = Debug|Any CPU
		{521F1B72-B1DC-4CAF-A543-992836CFFA09}.Debug|Any CPU.Build.0 = Debug|Any CPU
		{521F1B72-B1DC-4CAF-A543-992836CFFA09}.Debug|x64.ActiveCfg = Debug|Any CPU
		{521F1B72-B1DC-4CAF-A543-992836CFFA09}.Debug|x64.Build.0 = Debug|Any CPU
		{521F1B72-B1DC-4CAF-A543-992836CFFA09}.Debug|x86.ActiveCfg = Debug|Any CPU
		{521F1B72-B1DC-4CAF-A543-992836CFFA09}.Debug|x86.Build.0 = Debug|Any CPU
		{521F1B72-B1DC-4CAF-A543-992836CFFA09}.Release|Any CPU.ActiveCfg = Release|Any CPU
		{521F1B72-B1DC-4CAF-A543-992836CFFA09}.Release|Any CPU.Build.0 = Release|Any CPU
		{521F1B72-B1DC-4CAF-A543-992836CFFA09}.Release|x64.ActiveCfg = Release|Any CPU
		{521F1B72-B1DC-4CAF-A543-992836CFFA09}.Release|x64.Build.0 = Release|Any CPU
		{521F1B72-B1DC-4CAF-A543-992836CFFA09}.Release|x86.ActiveCfg = Release|Any CPU
		{521F1B72-B1DC-4CAF-A543-992836CFFA09}.Release|x86.Build.0 = Release|Any CPU
		{649FC97B-AD5F-44D7-AAA3-C6946841946D}.Debug|Any CPU.ActiveCfg = Debug|Any CPU
		{649FC97B-AD5F-44D7-AAA3-C6946841946D}.Debug|Any CPU.Build.0 = Debug|Any CPU
		{649FC97B-AD5F-44D7-AAA3-C6946841946D}.Debug|x64.ActiveCfg = Debug|Any CPU
		{649FC97B-AD5F-44D7-AAA3-C6946841946D}.Debug|x64.Build.0 = Debug|Any CPU
		{649FC97B-AD5F-44D7-AAA3-C6946841946D}.Debug|x86.ActiveCfg = Debug|Any CPU
		{649FC97B-AD5F-44D7-AAA3-C6946841946D}.Debug|x86.Build.0 = Debug|Any CPU
		{649FC97B-AD5F-44D7-AAA3-C6946841946D}.Release|Any CPU.ActiveCfg = Release|Any CPU
		{649FC97B-AD5F-44D7-AAA3-C6946841946D}.Release|Any CPU.Build.0 = Release|Any CPU
		{649FC97B-AD5F-44D7-AAA3-C6946841946D}.Release|x64.ActiveCfg = Release|Any CPU
		{649FC97B-AD5F-44D7-AAA3-C6946841946D}.Release|x64.Build.0 = Release|Any CPU
		{649FC97B-AD5F-44D7-AAA3-C6946841946D}.Release|x86.ActiveCfg = Release|Any CPU
		{649FC97B-AD5F-44D7-AAA3-C6946841946D}.Release|x86.Build.0 = Release|Any CPU
		{B8DF62FD-9D5E-48A9-A6FB-D34850B5AE41}.Debug|Any CPU.ActiveCfg = Debug|Any CPU
		{B8DF62FD-9D5E-48A9-A6FB-D34850B5AE41}.Debug|Any CPU.Build.0 = Debug|Any CPU
		{B8DF62FD-9D5E-48A9-A6FB-D34850B5AE41}.Debug|x64.ActiveCfg = Debug|Any CPU
		{B8DF62FD-9D5E-48A9-A6FB-D34850B5AE41}.Debug|x64.Build.0 = Debug|Any CPU
		{B8DF62FD-9D5E-48A9-A6FB-D34850B5AE41}.Debug|x86.ActiveCfg = Debug|Any CPU
		{B8DF62FD-9D5E-48A9-A6FB-D34850B5AE41}.Debug|x86.Build.0 = Debug|Any CPU
		{B8DF62FD-9D5E-48A9-A6FB-D34850B5AE41}.Release|Any CPU.ActiveCfg = Release|Any CPU
		{B8DF62FD-9D5E-48A9-A6FB-D34850B5AE41}.Release|Any CPU.Build.0 = Release|Any CPU
		{B8DF62FD-9D5E-48A9-A6FB-D34850B5AE41}.Release|x64.ActiveCfg = Release|Any CPU
		{B8DF62FD-9D5E-48A9-A6FB-D34850B5AE41}.Release|x64.Build.0 = Release|Any CPU
		{B8DF62FD-9D5E-48A9-A6FB-D34850B5AE41}.Release|x86.ActiveCfg = Release|Any CPU
		{B8DF62FD-9D5E-48A9-A6FB-D34850B5AE41}.Release|x86.Build.0 = Release|Any CPU
		{4B433C85-72D9-4E56-AABA-E8213A4EC66C}.Debug|Any CPU.ActiveCfg = Debug|Any CPU
		{4B433C85-72D9-4E56-AABA-E8213A4EC66C}.Debug|Any CPU.Build.0 = Debug|Any CPU
		{4B433C85-72D9-4E56-AABA-E8213A4EC66C}.Debug|x64.ActiveCfg = Debug|Any CPU
		{4B433C85-72D9-4E56-AABA-E8213A4EC66C}.Debug|x64.Build.0 = Debug|Any CPU
		{4B433C85-72D9-4E56-AABA-E8213A4EC66C}.Debug|x86.ActiveCfg = Debug|Any CPU
		{4B433C85-72D9-4E56-AABA-E8213A4EC66C}.Debug|x86.Build.0 = Debug|Any CPU
		{4B433C85-72D9-4E56-AABA-E8213A4EC66C}.Release|Any CPU.ActiveCfg = Release|Any CPU
		{4B433C85-72D9-4E56-AABA-E8213A4EC66C}.Release|Any CPU.Build.0 = Release|Any CPU
		{4B433C85-72D9-4E56-AABA-E8213A4EC66C}.Release|x64.ActiveCfg = Release|Any CPU
		{4B433C85-72D9-4E56-AABA-E8213A4EC66C}.Release|x64.Build.0 = Release|Any CPU
		{4B433C85-72D9-4E56-AABA-E8213A4EC66C}.Release|x86.ActiveCfg = Release|Any CPU
		{4B433C85-72D9-4E56-AABA-E8213A4EC66C}.Release|x86.Build.0 = Release|Any CPU
		{F62F8731-0414-4ADB-AA4B-441C311B105B}.Debug|Any CPU.ActiveCfg = Debug|Any CPU
		{F62F8731-0414-4ADB-AA4B-441C311B105B}.Debug|Any CPU.Build.0 = Debug|Any CPU
		{F62F8731-0414-4ADB-AA4B-441C311B105B}.Debug|x64.ActiveCfg = Debug|Any CPU
		{F62F8731-0414-4ADB-AA4B-441C311B105B}.Debug|x64.Build.0 = Debug|Any CPU
		{F62F8731-0414-4ADB-AA4B-441C311B105B}.Debug|x86.ActiveCfg = Debug|Any CPU
		{F62F8731-0414-4ADB-AA4B-441C311B105B}.Debug|x86.Build.0 = Debug|Any CPU
		{F62F8731-0414-4ADB-AA4B-441C311B105B}.Release|Any CPU.ActiveCfg = Release|Any CPU
		{F62F8731-0414-4ADB-AA4B-441C311B105B}.Release|Any CPU.Build.0 = Release|Any CPU
		{F62F8731-0414-4ADB-AA4B-441C311B105B}.Release|x64.ActiveCfg = Release|Any CPU
		{F62F8731-0414-4ADB-AA4B-441C311B105B}.Release|x64.Build.0 = Release|Any CPU
		{F62F8731-0414-4ADB-AA4B-441C311B105B}.Release|x86.ActiveCfg = Release|Any CPU
		{F62F8731-0414-4ADB-AA4B-441C311B105B}.Release|x86.Build.0 = Release|Any CPU
	EndGlobalSection
	GlobalSection(SolutionProperties) = preSolution
		HideSolutionNode = FALSE
	EndGlobalSection
	GlobalSection(NestedProjects) = preSolution
		{90298CBA-BD6F-3A0A-69D5-97CAD7B05E7E} = {827E0CD3-B72D-47B6-A68D-7590B98EB39B}
		{D25E45CB-8BAD-49A5-9114-1B8343C6AC58} = {90298CBA-BD6F-3A0A-69D5-97CAD7B05E7E}
		{D28AB52A-4892-4FF2-8051-2519A4D3CA9C} = {90298CBA-BD6F-3A0A-69D5-97CAD7B05E7E}
		{A37E46A2-91E2-456E-8EA5-47B89818DFF5} = {90298CBA-BD6F-3A0A-69D5-97CAD7B05E7E}
		{CDD4EA67-DCBB-4B97-9E8F-766F6AE47ACD} = {90298CBA-BD6F-3A0A-69D5-97CAD7B05E7E}
		{51849103-47EA-AC85-5A65-1F740091B702} = {827E0CD3-B72D-47B6-A68D-7590B98EB39B}
		{4B5A0495-C9CA-45D4-94BB-33CCE2899B43} = {51849103-47EA-AC85-5A65-1F740091B702}
		{DECBC69F-7677-92AA-EAA3-417BB129F329} = {827E0CD3-B72D-47B6-A68D-7590B98EB39B}
		{6BDA8E8E-C77F-4529-816C-609D9F124D40} = {DECBC69F-7677-92AA-EAA3-417BB129F329}
		{6306A8FB-679E-111F-6585-8F70E0EE6013} = {827E0CD3-B72D-47B6-A68D-7590B98EB39B}
		{4D46A829-B61E-4838-997A-16AEF5C9E514} = {6306A8FB-679E-111F-6585-8F70E0EE6013}
		{984BB9B3-3FA3-BE33-9484-CAC21695A33C} = {827E0CD3-B72D-47B6-A68D-7590B98EB39B}
		{1BFC9479-12BF-35C3-06B8-42D89D95092B} = {984BB9B3-3FA3-BE33-9484-CAC21695A33C}
		{E3CD948E-7A64-4B06-B4F1-624E2FFF3F01} = {1BFC9479-12BF-35C3-06B8-42D89D95092B}
		{A3E4D795-95A1-41E1-8EB5-CBE96CA5B596} = {1BFC9479-12BF-35C3-06B8-42D89D95092B}
		{47005F9F-0034-4403-8F5D-E41ADEB22E6E} = {1BFC9479-12BF-35C3-06B8-42D89D95092B}
		{040C7671-3839-450D-A4DC-139B50516F93} = {1BFC9479-12BF-35C3-06B8-42D89D95092B}
		{38CD7053-B83B-0737-9375-52EE0A3C8AE0} = {984BB9B3-3FA3-BE33-9484-CAC21695A33C}
		{8CEEB2CA-0427-4B36-95CF-7124A9F59333} = {38CD7053-B83B-0737-9375-52EE0A3C8AE0}
		{E58D456E-EF5E-4082-B80F-0C11DBB9C53F} = {38CD7053-B83B-0737-9375-52EE0A3C8AE0}
		{62BA916B-05C2-4A91-BD44-D1A1CF7F6CBE} = {38CD7053-B83B-0737-9375-52EE0A3C8AE0}
		{2A246CF4-6749-4267-8F69-998462B20315} = {38CD7053-B83B-0737-9375-52EE0A3C8AE0}
		{384C1DF4-5D33-0DEC-26FD-53B3DFBA00A9} = {984BB9B3-3FA3-BE33-9484-CAC21695A33C}
		{2A2F9330-C60D-47C4-A98C-118259413ECA} = {384C1DF4-5D33-0DEC-26FD-53B3DFBA00A9}
		{521F1B72-B1DC-4CAF-A543-992836CFFA09} = {384C1DF4-5D33-0DEC-26FD-53B3DFBA00A9}
		{649FC97B-AD5F-44D7-AAA3-C6946841946D} = {384C1DF4-5D33-0DEC-26FD-53B3DFBA00A9}
		{B8DF62FD-9D5E-48A9-A6FB-D34850B5AE41} = {384C1DF4-5D33-0DEC-26FD-53B3DFBA00A9}
		{4B433C85-72D9-4E56-AABA-E8213A4EC66C} = {DECBC69F-7677-92AA-EAA3-417BB129F329}
	EndGlobalSection
EndGlobal
